
Microsoft Visual Studio Solution File, Format Version 12.00
# Visual Studio Version 16
VisualStudioVersion = 16.0.31410.357
MinimumVisualStudioVersion = 10.0.40219.1
Project("{FAE04EC0-301F-11D3-BF4B-00C04F79EFBC}") = "Vidly", "Vidly\Vidly.csproj", "{C1AA39C1-D7F6-402E-B2F3-A6BB8ECCC7A1}"
EndProject
Global
	GlobalSection(SolutionConfigurationPlatforms) = preSolution
		Debug|Any CPU = Debug|Any CPU
		Release|Any CPU = Release|Any CPU
	EndGlobalSection
	GlobalSection(ProjectConfigurationPlatforms) = postSolution
		{C1AA39C1-D7F6-402E-B2F3-A6BB8ECCC7A1}.Debug|Any CPU.ActiveCfg = Debug|Any CPU
		{C1AA39C1-D7F6-402E-B2F3-A6BB8ECCC7A1}.Debug|Any CPU.Build.0 = Debug|Any CPU
		{C1AA39C1-D7F6-402E-B2F3-A6BB8ECCC7A1}.Release|Any CPU.ActiveCfg = Release|Any CPU
		{C1AA39C1-D7F6-402E-B2F3-A6BB8ECCC7A1}.Release|Any CPU.Build.0 = Release|Any CPU
	EndGlobalSection
	GlobalSection(SolutionProperties) = preSolution
		HideSolutionNode = FALSE
	EndGlobalSection
	GlobalSection(ExtensibilityGlobals) = postSolution
		SolutionGuid = {8B6EF01C-38EE-4125-AD49-97BDF8995B27}
	EndGlobalSection
EndGlobal
